{
  "version": 4,
  "terraform_version": "1.9.5",
  "serial": 245,
  "lineage": "bc9db04a-ca5c-dd7a-0394-d6aff9ffc4b6",
  "outputs": {
    "bucket_name": {
      "value": "flightcrashbucket",
      "type": "string"
    },
    "dbname": {
      "value": "dev",
      "type": "string"
    },
    "host": {
      "value": "flightanalysis-cluster.cd2xqxmrn0kc.us-east-1.redshift.amazonaws.com:5439",
      "type": "string"
    },
    "password": {
      "value": "Password1234!",
      "type": "string"
    },
    "port": {
      "value": 5439,
      "type": "number"
    },
    "role": {
      "value": "arn:aws:iam::038462789002:role/flightanalysis-redshift-s3-access-role",
      "type": "string"
    },
    "table": {
      "value": "flight_incidents",
      "type": "string"
    },
    "user": {
      "value": "admin",
      "type": "string"
    }
  },
  "resources": [
    {
      "mode": "managed",
      "type": "aws_budgets_budget",
      "name": "monthly-budget",
      "provider": "provider[\"registry.terraform.io/hashicorp/aws\"]",
      "instances": [
        {
          "schema_version": 0,
          "attributes": {
            "account_id": "038462789002",
            "arn": "arn:aws:budgets::038462789002:budget/monthly-budget",
            "auto_adjust_data": [],
            "budget_type": "COST",
            "cost_filter": [],
            "cost_types": [
              {
                "include_credit": true,
                "include_discount": true,
                "include_other_subscription": true,
                "include_recurring": true,
                "include_refund": true,
                "include_subscription": true,
                "include_support": true,
                "include_tax": true,
                "include_upfront": true,
                "use_amortized": false,
                "use_blended": false
              }
            ],
            "id": "038462789002:monthly-budget",
            "limit_amount": "10.0",
            "limit_unit": "USD",
            "name": "monthly-budget",
            "name_prefix": "",
            "notification": [
              {
                "comparison_operator": "GREATER_THAN",
                "notification_type": "FORECASTED",
                "subscriber_email_addresses": [
                  "anh.phung@torontomu.ca"
                ],
                "subscriber_sns_topic_arns": [],
                "threshold": 100,
                "threshold_type": "PERCENTAGE"
              }
            ],
            "planned_limit": [],
            "tags": null,
            "tags_all": {},
            "time_period_end": "2087-06-15_00:00",
            "time_period_start": "2024-09-19_00:00",
            "time_unit": "MONTHLY"
          },
          "sensitive_attributes": [],
          "private": "bnVsbA=="
        }
      ]
    },
    {
      "mode": "managed",
      "type": "aws_iam_policy",
      "name": "flightanalysis_redshift_s3_access_policy",
      "provider": "provider[\"registry.terraform.io/hashicorp/aws\"]",
      "instances": [
        {
          "schema_version": 0,
          "attributes": {
            "arn": "arn:aws:iam::038462789002:policy/FlightanalysisRedshiftS3AccessPolicy",
            "attachment_count": 0,
            "description": "Policy to allow Redshift to access S3",
            "id": "arn:aws:iam::038462789002:policy/FlightanalysisRedshiftS3AccessPolicy",
            "name": "FlightanalysisRedshiftS3AccessPolicy",
            "name_prefix": "",
            "path": "/",
            "policy": "{\"Statement\":[{\"Action\":[\"s3:GetObject\",\"s3:PutObject\",\"s3:ListBucket\"],\"Effect\":\"Allow\",\"Resource\":[\"arn:aws:s3:::flightcrashbucket\",\"arn:aws:s3:::flightcrashbucket/*\"]}],\"Version\":\"2012-10-17\"}",
            "policy_id": "ANPAQR5EPSWFJPQTCJJRS",
            "tags": null,
            "tags_all": {}
          },
          "sensitive_attributes": [],
          "private": "bnVsbA==",
          "dependencies": [
            "aws_s3_bucket.flightanalysis"
          ]
        }
      ]
    },
    {
      "mode": "managed",
      "type": "aws_iam_role",
      "name": "flightanalysis_redshift_role",
      "provider": "provider[\"registry.terraform.io/hashicorp/aws\"]",
      "instances": [
        {
          "schema_version": 0,
          "attributes": {
            "arn": "arn:aws:iam::038462789002:role/flightanalysis-redshift-s3-access-role",
            "assume_role_policy": "{\"Statement\":[{\"Action\":\"sts:AssumeRole\",\"Effect\":\"Allow\",\"Principal\":{\"Service\":\"redshift.amazonaws.com\"}}],\"Version\":\"2012-10-17\"}",
            "create_date": "2024-10-02T01:53:42Z",
            "description": "",
            "force_detach_policies": false,
            "id": "flightanalysis-redshift-s3-access-role",
            "inline_policy": [],
            "managed_policy_arns": [],
            "max_session_duration": 3600,
            "name": "flightanalysis-redshift-s3-access-role",
            "name_prefix": "",
            "path": "/",
            "permissions_boundary": "",
            "tags": null,
            "tags_all": {},
            "unique_id": "AROAQR5EPSWFDSG25GXKN"
          },
          "sensitive_attributes": [],
          "private": "bnVsbA=="
        }
      ]
    },
    {
      "mode": "managed",
      "type": "aws_iam_role_policy_attachment",
      "name": "flightanalysis_redshift_s3_policy_attachment",
      "provider": "provider[\"registry.terraform.io/hashicorp/aws\"]",
      "instances": [
        {
          "schema_version": 0,
          "attributes": {
            "id": "flightanalysis-redshift-s3-access-role-20241002015344525100000001",
            "policy_arn": "arn:aws:iam::038462789002:policy/FlightanalysisRedshiftS3AccessPolicy",
            "role": "flightanalysis-redshift-s3-access-role"
          },
          "sensitive_attributes": [],
          "private": "bnVsbA==",
          "dependencies": [
            "aws_iam_policy.flightanalysis_redshift_s3_access_policy",
            "aws_iam_role.flightanalysis_redshift_role",
            "aws_s3_bucket.flightanalysis"
          ]
        }
      ]
    },
    {
      "mode": "managed",
      "type": "aws_internet_gateway",
      "name": "flightanalysis",
      "provider": "provider[\"registry.terraform.io/hashicorp/aws\"]",
      "instances": [
        {
          "schema_version": 0,
          "attributes": {
            "arn": "arn:aws:ec2:us-east-1:038462789002:internet-gateway/igw-075af36552e6738c0",
            "id": "igw-075af36552e6738c0",
            "owner_id": "038462789002",
            "tags": {
              "Name": "flightanalysis-igw"
            },
            "tags_all": {
              "Name": "flightanalysis-igw"
            },
            "timeouts": null,
            "vpc_id": "vpc-02e5ee8287d9a29a0"
          },
          "sensitive_attributes": [],
          "private": "eyJlMmJmYjczMC1lY2FhLTExZTYtOGY4OC0zNDM2M2JjN2M0YzAiOnsiY3JlYXRlIjoxMjAwMDAwMDAwMDAwLCJkZWxldGUiOjEyMDAwMDAwMDAwMDAsInVwZGF0ZSI6MTIwMDAwMDAwMDAwMH19",
          "dependencies": [
            "aws_vpc.flightanalysis"
          ]
        }
      ]
    },
    {
      "mode": "managed",
      "type": "aws_redshift_cluster",
      "name": "flightanalysis_cluster",
      "provider": "provider[\"registry.terraform.io/hashicorp/aws\"]",
      "instances": [
        {
          "schema_version": 0,
          "attributes": {
            "allow_version_upgrade": true,
            "apply_immediately": false,
            "aqua_configuration_status": "auto",
            "arn": "arn:aws:redshift:us-east-1:038462789002:cluster:flightanalysis-cluster",
            "automated_snapshot_retention_period": 1,
            "availability_zone": "us-east-1a",
            "availability_zone_relocation_enabled": false,
            "cluster_identifier": "flightanalysis-cluster",
            "cluster_namespace_arn": "arn:aws:redshift:us-east-1:038462789002:namespace:e0a0fdb4-1632-4fdf-b2f4-26be9c29de4d",
            "cluster_nodes": [
              {
                "node_role": "SHARED",
                "private_ip_address": "10.0.1.158",
                "public_ip_address": "3.212.184.10"
              }
            ],
            "cluster_parameter_group_name": "default.redshift-1.0",
            "cluster_public_key": "ssh-rsa AAAAB3NzaC1yc2EAAAADAQABAAABAQCdO7/X6BI5COTUcjQFbYo9k1pz22EPjE/R2TAkoi4D2vJ5mrFbrMm9heN1G00LmABZTfLWhAI3AxBri8xJpQyZOd0jODJEOBrGPb8pgu8rwp8WbJJS5xMmGXS8JU/3lf3mQ/qGhOjoZU7q7PlhVzGfHRSgq8Zni6x6LuoI1F2gDa6du4slI0ss38lXKWIkx1qw/L3Gpx67EZ8yGZc5OViOaxx7QjjC9DVkR8jQI3fMYu0NAEW6z+GC9vUO65NJwqTxIhjrV/ND8alk58CHMNIMFZdwETWIRjwWfyZJ5U9FLozlvWBZntkuItDXcpgUb0Z7Eaa8nNNa6wz1Pe4l/0R1 Amazon-Redshift\n",
            "cluster_revision_number": "75672",
            "cluster_subnet_group_name": "flightanalysis-subnet-group",
            "cluster_type": "single-node",
            "cluster_version": "1.0",
            "database_name": "",
            "default_iam_role_arn": "",
            "dns_name": "flightanalysis-cluster.cd2xqxmrn0kc.us-east-1.redshift.amazonaws.com",
            "elastic_ip": null,
            "encrypted": false,
            "endpoint": "flightanalysis-cluster.cd2xqxmrn0kc.us-east-1.redshift.amazonaws.com:5439",
            "enhanced_vpc_routing": false,
            "final_snapshot_identifier": null,
            "iam_roles": [
              "arn:aws:iam::038462789002:role/flightanalysis-redshift-s3-access-role"
            ],
            "id": "flightanalysis-cluster",
            "kms_key_id": "",
            "logging": [
              {
                "bucket_name": "",
                "enable": false,
                "log_destination_type": "",
                "log_exports": [],
                "s3_key_prefix": ""
              }
            ],
            "maintenance_track_name": "current",
            "manage_master_password": null,
            "manual_snapshot_retention_period": -1,
            "master_password": "Password1234!",
            "master_password_secret_arn": "",
            "master_password_secret_kms_key_id": "",
            "master_username": "admin",
            "multi_az": false,
            "node_type": "dc2.large",
            "number_of_nodes": 1,
            "owner_account": null,
            "port": 5439,
            "preferred_maintenance_window": "mon:09:30-mon:10:00",
            "publicly_accessible": true,
            "skip_final_snapshot": true,
            "snapshot_arn": null,
            "snapshot_cluster_identifier": null,
            "snapshot_copy": [],
            "snapshot_identifier": null,
            "tags": {
              "Name": "flightanalysis-redshift-cluster"
            },
            "tags_all": {
              "Name": "flightanalysis-redshift-cluster"
            },
            "timeouts": null,
            "vpc_security_group_ids": [
              "sg-09f0c3cf0adebdaa7"
            ]
          },
          "sensitive_attributes": [
            [
              {
                "type": "get_attr",
                "value": "master_password"
              }
            ]
          ],
          "private": "eyJlMmJmYjczMC1lY2FhLTExZTYtOGY4OC0zNDM2M2JjN2M0YzAiOnsiY3JlYXRlIjo0NTAwMDAwMDAwMDAwLCJkZWxldGUiOjI0MDAwMDAwMDAwMDAsInVwZGF0ZSI6NDUwMDAwMDAwMDAwMH19",
          "dependencies": [
            "aws_iam_role.flightanalysis_redshift_role",
            "aws_redshift_subnet_group.flightanalysis",
            "aws_security_group.flightanalysis_redshift_sg",
            "aws_subnet.flightanalysis",
            "aws_vpc.flightanalysis"
          ]
        }
      ]
    },
    {
      "mode": "managed",
      "type": "aws_redshift_subnet_group",
      "name": "flightanalysis",
      "provider": "provider[\"registry.terraform.io/hashicorp/aws\"]",
      "instances": [
        {
          "schema_version": 0,
          "attributes": {
            "arn": "arn:aws:redshift:us-east-1:038462789002:subnetgroup:flightanalysis-subnet-group",
            "description": "Managed by Terraform",
            "id": "flightanalysis-subnet-group",
            "name": "flightanalysis-subnet-group",
            "subnet_ids": [
              "subnet-0cc3ac5b1d80fb3a2"
            ],
            "tags": {
              "Name": "flightanalysis-redshift-subnet-group"
            },
            "tags_all": {
              "Name": "flightanalysis-redshift-subnet-group"
            }
          },
          "sensitive_attributes": [],
          "private": "bnVsbA==",
          "dependencies": [
            "aws_subnet.flightanalysis",
            "aws_vpc.flightanalysis"
          ]
        }
      ]
    },
    {
      "mode": "managed",
      "type": "aws_route_table",
      "name": "flightanalysis",
      "provider": "provider[\"registry.terraform.io/hashicorp/aws\"]",
      "instances": [
        {
          "schema_version": 0,
          "attributes": {
            "arn": "arn:aws:ec2:us-east-1:038462789002:route-table/rtb-059b3709ea1422d95",
            "id": "rtb-059b3709ea1422d95",
            "owner_id": "038462789002",
            "propagating_vgws": [],
            "route": [
              {
                "carrier_gateway_id": "",
                "cidr_block": "0.0.0.0/0",
                "core_network_arn": "",
                "destination_prefix_list_id": "",
                "egress_only_gateway_id": "",
                "gateway_id": "igw-075af36552e6738c0",
                "ipv6_cidr_block": "",
                "local_gateway_id": "",
                "nat_gateway_id": "",
                "network_interface_id": "",
                "transit_gateway_id": "",
                "vpc_endpoint_id": "",
                "vpc_peering_connection_id": ""
              }
            ],
            "tags": {
              "Name": "flightanalysis-route-table"
            },
            "tags_all": {
              "Name": "flightanalysis-route-table"
            },
            "timeouts": null,
            "vpc_id": "vpc-02e5ee8287d9a29a0"
          },
          "sensitive_attributes": [],
          "private": "eyJlMmJmYjczMC1lY2FhLTExZTYtOGY4OC0zNDM2M2JjN2M0YzAiOnsiY3JlYXRlIjozMDAwMDAwMDAwMDAsImRlbGV0ZSI6MzAwMDAwMDAwMDAwLCJ1cGRhdGUiOjEyMDAwMDAwMDAwMH19",
          "dependencies": [
            "aws_internet_gateway.flightanalysis",
            "aws_vpc.flightanalysis"
          ]
        }
      ]
    },
    {
      "mode": "managed",
      "type": "aws_route_table_association",
      "name": "flightanalysis",
      "provider": "provider[\"registry.terraform.io/hashicorp/aws\"]",
      "instances": [
        {
          "schema_version": 0,
          "attributes": {
            "gateway_id": "",
            "id": "rtbassoc-0dc7f27c730ba18d7",
            "route_table_id": "rtb-059b3709ea1422d95",
            "subnet_id": "subnet-0cc3ac5b1d80fb3a2",
            "timeouts": null
          },
          "sensitive_attributes": [],
          "private": "eyJlMmJmYjczMC1lY2FhLTExZTYtOGY4OC0zNDM2M2JjN2M0YzAiOnsiY3JlYXRlIjozMDAwMDAwMDAwMDAsImRlbGV0ZSI6MzAwMDAwMDAwMDAwLCJ1cGRhdGUiOjEyMDAwMDAwMDAwMH19",
          "dependencies": [
            "aws_internet_gateway.flightanalysis",
            "aws_route_table.flightanalysis",
            "aws_subnet.flightanalysis",
            "aws_vpc.flightanalysis"
          ]
        }
      ]
    },
    {
      "mode": "managed",
      "type": "aws_s3_bucket",
      "name": "flightanalysis",
      "provider": "provider[\"registry.terraform.io/hashicorp/aws\"]",
      "instances": [
        {
          "schema_version": 0,
          "attributes": {
            "acceleration_status": "",
            "acl": null,
            "arn": "arn:aws:s3:::flightcrashbucket",
            "bucket": "flightcrashbucket",
            "bucket_domain_name": "flightcrashbucket.s3.amazonaws.com",
            "bucket_prefix": "",
            "bucket_regional_domain_name": "flightcrashbucket.s3.us-east-1.amazonaws.com",
            "cors_rule": [],
            "force_destroy": true,
            "grant": [
              {
                "id": "639b8941a9a869b1967e6ff3c38a01ea7923335dd18c191af721458df7f52814",
                "permissions": [
                  "FULL_CONTROL"
                ],
                "type": "CanonicalUser",
                "uri": ""
              }
            ],
            "hosted_zone_id": "Z3AQBSTGFYJSTF",
            "id": "flightcrashbucket",
            "lifecycle_rule": [],
            "logging": [],
            "object_lock_configuration": [],
            "object_lock_enabled": false,
            "policy": "",
            "region": "us-east-1",
            "replication_configuration": [],
            "request_payer": "BucketOwner",
            "server_side_encryption_configuration": [
              {
                "rule": [
                  {
                    "apply_server_side_encryption_by_default": [
                      {
                        "kms_master_key_id": "",
                        "sse_algorithm": "AES256"
                      }
                    ],
                    "bucket_key_enabled": false
                  }
                ]
              }
            ],
            "tags": {
              "Environment": "Dev",
              "Name": "flightanalysis-bucket"
            },
            "tags_all": {
              "Environment": "Dev",
              "Name": "flightanalysis-bucket"
            },
            "timeouts": null,
            "versioning": [
              {
                "enabled": false,
                "mfa_delete": false
              }
            ],
            "website": [],
            "website_domain": null,
            "website_endpoint": null
          },
          "sensitive_attributes": [],
          "private": "eyJlMmJmYjczMC1lY2FhLTExZTYtOGY4OC0zNDM2M2JjN2M0YzAiOnsiY3JlYXRlIjoxMjAwMDAwMDAwMDAwLCJkZWxldGUiOjM2MDAwMDAwMDAwMDAsInJlYWQiOjEyMDAwMDAwMDAwMDAsInVwZGF0ZSI6MTIwMDAwMDAwMDAwMH19"
        }
      ]
    },
    {
      "mode": "managed",
      "type": "aws_security_group",
      "name": "flightanalysis_redshift_sg",
      "provider": "provider[\"registry.terraform.io/hashicorp/aws\"]",
      "instances": [
        {
          "schema_version": 1,
          "attributes": {
            "arn": "arn:aws:ec2:us-east-1:038462789002:security-group/sg-09f0c3cf0adebdaa7",
            "description": "Allow public access to Redshift cluster",
            "egress": [
              {
                "cidr_blocks": [
                  "0.0.0.0/0"
                ],
                "description": "",
                "from_port": 0,
                "ipv6_cidr_blocks": [],
                "prefix_list_ids": [],
                "protocol": "-1",
                "security_groups": [],
                "self": false,
                "to_port": 0
              }
            ],
            "id": "sg-09f0c3cf0adebdaa7",
            "ingress": [
              {
                "cidr_blocks": [
                  "0.0.0.0/0"
                ],
                "description": "",
                "from_port": 5439,
                "ipv6_cidr_blocks": [],
                "prefix_list_ids": [],
                "protocol": "tcp",
                "security_groups": [],
                "self": false,
                "to_port": 5439
              }
            ],
            "name": "flightanalysis-redshift-sg",
            "name_prefix": "",
            "owner_id": "038462789002",
            "revoke_rules_on_delete": false,
            "tags": {
              "Name": "flightanalysis-redshift-sg"
            },
            "tags_all": {
              "Name": "flightanalysis-redshift-sg"
            },
            "timeouts": null,
            "vpc_id": "vpc-02e5ee8287d9a29a0"
          },
          "sensitive_attributes": [],
          "private": "eyJlMmJmYjczMC1lY2FhLTExZTYtOGY4OC0zNDM2M2JjN2M0YzAiOnsiY3JlYXRlIjo2MDAwMDAwMDAwMDAsImRlbGV0ZSI6OTAwMDAwMDAwMDAwfSwic2NoZW1hX3ZlcnNpb24iOiIxIn0=",
          "dependencies": [
            "aws_vpc.flightanalysis"
          ]
        }
      ]
    },
    {
      "mode": "managed",
      "type": "aws_subnet",
      "name": "flightanalysis",
      "provider": "provider[\"registry.terraform.io/hashicorp/aws\"]",
      "instances": [
        {
          "schema_version": 1,
          "attributes": {
            "arn": "arn:aws:ec2:us-east-1:038462789002:subnet/subnet-0cc3ac5b1d80fb3a2",
            "assign_ipv6_address_on_creation": false,
            "availability_zone": "us-east-1a",
            "availability_zone_id": "use1-az1",
            "cidr_block": "10.0.1.0/24",
            "customer_owned_ipv4_pool": "",
            "enable_dns64": false,
            "enable_lni_at_device_index": 0,
            "enable_resource_name_dns_a_record_on_launch": false,
            "enable_resource_name_dns_aaaa_record_on_launch": false,
            "id": "subnet-0cc3ac5b1d80fb3a2",
            "ipv6_cidr_block": "",
            "ipv6_cidr_block_association_id": "",
            "ipv6_native": false,
            "map_customer_owned_ip_on_launch": false,
            "map_public_ip_on_launch": false,
            "outpost_arn": "",
            "owner_id": "038462789002",
            "private_dns_hostname_type_on_launch": "ip-name",
            "tags": {
              "Name": "flightanalysis-subnet"
            },
            "tags_all": {
              "Name": "flightanalysis-subnet"
            },
            "timeouts": null,
            "vpc_id": "vpc-02e5ee8287d9a29a0"
          },
          "sensitive_attributes": [],
          "private": "eyJlMmJmYjczMC1lY2FhLTExZTYtOGY4OC0zNDM2M2JjN2M0YzAiOnsiY3JlYXRlIjo2MDAwMDAwMDAwMDAsImRlbGV0ZSI6MTIwMDAwMDAwMDAwMH0sInNjaGVtYV92ZXJzaW9uIjoiMSJ9",
          "dependencies": [
            "aws_vpc.flightanalysis"
          ]
        }
      ]
    },
    {
      "mode": "managed",
      "type": "aws_vpc",
      "name": "flightanalysis",
      "provider": "provider[\"registry.terraform.io/hashicorp/aws\"]",
      "instances": [
        {
          "schema_version": 1,
          "attributes": {
            "arn": "arn:aws:ec2:us-east-1:038462789002:vpc/vpc-02e5ee8287d9a29a0",
            "assign_generated_ipv6_cidr_block": false,
            "cidr_block": "10.0.0.0/16",
            "default_network_acl_id": "acl-0784979fcdf9163e7",
            "default_route_table_id": "rtb-06862019d8584e507",
            "default_security_group_id": "sg-0ae262be7d805ccee",
            "dhcp_options_id": "dopt-08357de9734137cc8",
            "enable_dns_hostnames": false,
            "enable_dns_support": true,
            "enable_network_address_usage_metrics": false,
            "id": "vpc-02e5ee8287d9a29a0",
            "instance_tenancy": "default",
            "ipv4_ipam_pool_id": null,
            "ipv4_netmask_length": null,
            "ipv6_association_id": "",
            "ipv6_cidr_block": "",
            "ipv6_cidr_block_network_border_group": "",
            "ipv6_ipam_pool_id": "",
            "ipv6_netmask_length": 0,
            "main_route_table_id": "rtb-06862019d8584e507",
            "owner_id": "038462789002",
            "tags": {
              "Name": "flightanalysis-vpc"
            },
            "tags_all": {
              "Name": "flightanalysis-vpc"
            }
          },
          "sensitive_attributes": [],
          "private": "eyJzY2hlbWFfdmVyc2lvbiI6IjEifQ=="
        }
      ]
    }
  ],
  "check_results": null
}
